// !$*UTF8*$!
{
	archiveVersion = 1;
	classes = {
	};
	objectVersion = 46;
	objects = {

/* Begin PBXBuildFile section */
		4E142E521CD18ED000289E52 /* AppDelegate.swift in Sources */ = {isa = PBXBuildFile; fileRef = 4E142E511CD18ED000289E52 /* AppDelegate.swift */; };
		4E142E541CD18ED000289E52 /* ViewController.swift in Sources */ = {isa = PBXBuildFile; fileRef = 4E142E531CD18ED000289E52 /* ViewController.swift */; };
		4E142E5A1CD18ED000289E52 /* DineNDash.xcdatamodeld in Sources */ = {isa = PBXBuildFile; fileRef = 4E142E581CD18ED000289E52 /* DineNDash.xcdatamodeld */; };
		4E142E5C1CD18ED000289E52 /* Assets.xcassets in Resources */ = {isa = PBXBuildFile; fileRef = 4E142E5B1CD18ED000289E52 /* Assets.xcassets */; };
		4E142E5F1CD18ED000289E52 /* LaunchScreen.storyboard in Resources */ = {isa = PBXBuildFile; fileRef = 4E142E5D1CD18ED000289E52 /* LaunchScreen.storyboard */; };
		4E142E6A1CD18ED000289E52 /* DineNDashTests.swift in Sources */ = {isa = PBXBuildFile; fileRef = 4E142E691CD18ED000289E52 /* DineNDashTests.swift */; };
		4E142E751CD18ED000289E52 /* DineNDashUITests.swift in Sources */ = {isa = PBXBuildFile; fileRef = 4E142E741CD18ED000289E52 /* DineNDashUITests.swift */; };
		4E7FBD5E1CD567AE002DBA0E /* FBSDKCoreKit.framework in Frameworks */ = {isa = PBXBuildFile; fileRef = 4E7FBD5B1CD567AE002DBA0E /* FBSDKCoreKit.framework */; };
		4E7FBD5F1CD567AE002DBA0E /* FBSDKLoginKit.framework in Frameworks */ = {isa = PBXBuildFile; fileRef = 4E7FBD5C1CD567AE002DBA0E /* FBSDKLoginKit.framework */; };
		4E7FBD601CD567AE002DBA0E /* FBSDKShareKit.framework in Frameworks */ = {isa = PBXBuildFile; fileRef = 4E7FBD5D1CD567AE002DBA0E /* FBSDKShareKit.framework */; };
		4E7FBD621CD56AC4002DBA0E /* Bolts.framework in Frameworks */ = {isa = PBXBuildFile; fileRef = 4E7FBD611CD56AC4002DBA0E /* Bolts.framework */; };
/* End PBXBuildFile section */

/* Begin PBXContainerItemProxy section */
		4E142E661CD18ED000289E52 /* PBXContainerItemProxy */ = {
			isa = PBXContainerItemProxy;
			containerPortal = 4E142E461CD18ED000289E52 /* Project object */;
			proxyType = 1;
			remoteGlobalIDString = 4E142E4D1CD18ED000289E52;
			remoteInfo = DineNDash;
		};
		4E142E711CD18ED000289E52 /* PBXContainerItemProxy */ = {
			isa = PBXContainerItemProxy;
			containerPortal = 4E142E461CD18ED000289E52 /* Project object */;
			proxyType = 1;
			remoteGlobalIDString = 4E142E4D1CD18ED000289E52;
			remoteInfo = DineNDash;
		};
/* End PBXContainerItemProxy section */

/* Begin PBXFileReference section */
		4E142E4E1CD18ED000289E52 /* DineNDash.app */ = {isa = PBXFileReference; explicitFileType = wrapper.application; includeInIndex = 0; path = DineNDash.app; sourceTree = BUILT_PRODUCTS_DIR; };
		4E142E511CD18ED000289E52 /* AppDelegate.swift */ = {isa = PBXFileReference; lastKnownFileType = sourcecode.swift; path = AppDelegate.swift; sourceTree = "<group>"; };
		4E142E531CD18ED000289E52 /* ViewController.swift */ = {isa = PBXFileReference; lastKnownFileType = sourcecode.swift; path = ViewController.swift; sourceTree = "<group>"; };
		4E142E591CD18ED000289E52 /* DineNDash.xcdatamodel */ = {isa = PBXFileReference; lastKnownFileType = wrapper.xcdatamodel; path = DineNDash.xcdatamodel; sourceTree = "<group>"; };
		4E142E5B1CD18ED000289E52 /* Assets.xcassets */ = {isa = PBXFileReference; lastKnownFileType = folder.assetcatalog; path = Assets.xcassets; sourceTree = "<group>"; };
		4E142E5E1CD18ED000289E52 /* Base */ = {isa = PBXFileReference; lastKnownFileType = file.storyboard; name = Base; path = Base.lproj/LaunchScreen.storyboard; sourceTree = "<group>"; };
		4E142E601CD18ED000289E52 /* Info.plist */ = {isa = PBXFileReference; lastKnownFileType = text.plist.xml; path = Info.plist; sourceTree = "<group>"; };
		4E142E651CD18ED000289E52 /* DineNDashTests.xctest */ = {isa = PBXFileReference; explicitFileType = wrapper.cfbundle; includeInIndex = 0; path = DineNDashTests.xctest; sourceTree = BUILT_PRODUCTS_DIR; };
		4E142E691CD18ED000289E52 /* DineNDashTests.swift */ = {isa = PBXFileReference; lastKnownFileType = sourcecode.swift; path = DineNDashTests.swift; sourceTree = "<group>"; };
		4E142E6B1CD18ED000289E52 /* Info.plist */ = {isa = PBXFileReference; lastKnownFileType = text.plist.xml; path = Info.plist; sourceTree = "<group>"; };
		4E142E701CD18ED000289E52 /* DineNDashUITests.xctest */ = {isa = PBXFileReference; explicitFileType = wrapper.cfbundle; includeInIndex = 0; path = DineNDashUITests.xctest; sourceTree = BUILT_PRODUCTS_DIR; };
		4E142E741CD18ED000289E52 /* DineNDashUITests.swift */ = {isa = PBXFileReference; lastKnownFileType = sourcecode.swift; path = DineNDashUITests.swift; sourceTree = "<group>"; };
		4E142E761CD18ED000289E52 /* Info.plist */ = {isa = PBXFileReference; lastKnownFileType = text.plist.xml; path = Info.plist; sourceTree = "<group>"; };
		4E7FBD5A1CD55FE3002DBA0E /* Bridging-Header.h */ = {isa = PBXFileReference; lastKnownFileType = sourcecode.c.h; path = "Bridging-Header.h"; sourceTree = "<group>"; };
		4E7FBD5B1CD567AE002DBA0E /* FBSDKCoreKit.framework */ = {isa = PBXFileReference; lastKnownFileType = wrapper.framework; path = FBSDKCoreKit.framework; sourceTree = "<group>"; };
		4E7FBD5C1CD567AE002DBA0E /* FBSDKLoginKit.framework */ = {isa = PBXFileReference; lastKnownFileType = wrapper.framework; path = FBSDKLoginKit.framework; sourceTree = "<group>"; };
		4E7FBD5D1CD567AE002DBA0E /* FBSDKShareKit.framework */ = {isa = PBXFileReference; lastKnownFileType = wrapper.framework; path = FBSDKShareKit.framework; sourceTree = "<group>"; };
		4E7FBD611CD56AC4002DBA0E /* Bolts.framework */ = {isa = PBXFileReference; lastKnownFileType = wrapper.framework; path = Bolts.framework; sourceTree = "<group>"; };
/* End PBXFileReference section */

/* Begin PBXFrameworksBuildPhase section */
		4E142E4B1CD18ED000289E52 /* Frameworks */ = {
			isa = PBXFrameworksBuildPhase;
			buildActionMask = 2147483647;
			files = (
				4E7FBD5F1CD567AE002DBA0E /* FBSDKLoginKit.framework in Frameworks */,
				4E7FBD5E1CD567AE002DBA0E /* FBSDKCoreKit.framework in Frameworks */,
				4E7FBD601CD567AE002DBA0E /* FBSDKShareKit.framework in Frameworks */,
				4E7FBD621CD56AC4002DBA0E /* Bolts.framework in Frameworks */,
			);
			runOnlyForDeploymentPostprocessing = 0;
		};
		4E142E621CD18ED000289E52 /* Frameworks */ = {
			isa = PBXFrameworksBuildPhase;
			buildActionMask = 2147483647;
			files = (
			);
			runOnlyForDeploymentPostprocessing = 0;
		};
		4E142E6D1CD18ED000289E52 /* Frameworks */ = {
			isa = PBXFrameworksBuildPhase;
			buildActionMask = 2147483647;
			files = (
			);
			runOnlyForDeploymentPostprocessing = 0;
		};
/* End PBXFrameworksBuildPhase section */

/* Begin PBXGroup section */
		4E142E451CD18ED000289E52 = {
			isa = PBXGroup;
			children = (
				4E7FBD5A1CD55FE3002DBA0E /* Bridging-Header.h */,
				4E142E501CD18ED000289E52 /* DineNDash */,
				4E142E681CD18ED000289E52 /* DineNDashTests */,
				4E142E731CD18ED000289E52 /* DineNDashUITests */,
				4E142E4F1CD18ED000289E52 /* Products */,
			);
			sourceTree = "<group>";
		};
		4E142E4F1CD18ED000289E52 /* Products */ = {
			isa = PBXGroup;
			children = (
				4E142E4E1CD18ED000289E52 /* DineNDash.app */,
				4E142E651CD18ED000289E52 /* DineNDashTests.xctest */,
				4E142E701CD18ED000289E52 /* DineNDashUITests.xctest */,
			);
			name = Products;
			sourceTree = "<group>";
		};
		4E142E501CD18ED000289E52 /* DineNDash */ = {
			isa = PBXGroup;
			children = (
				4E7FBD611CD56AC4002DBA0E /* Bolts.framework */,
				4E7FBD5B1CD567AE002DBA0E /* FBSDKCoreKit.framework */,
				4E7FBD5C1CD567AE002DBA0E /* FBSDKLoginKit.framework */,
				4E7FBD5D1CD567AE002DBA0E /* FBSDKShareKit.framework */,
				4E142E511CD18ED000289E52 /* AppDelegate.swift */,
				4E142E531CD18ED000289E52 /* ViewController.swift */,
				4E142E5B1CD18ED000289E52 /* Assets.xcassets */,
				4E142E5D1CD18ED000289E52 /* LaunchScreen.storyboard */,
				4E142E601CD18ED000289E52 /* Info.plist */,
				4E142E581CD18ED000289E52 /* DineNDash.xcdatamodeld */,
			);
			path = DineNDash;
			sourceTree = "<group>";
		};
		4E142E681CD18ED000289E52 /* DineNDashTests */ = {
			isa = PBXGroup;
			children = (
				4E142E691CD18ED000289E52 /* DineNDashTests.swift */,
				4E142E6B1CD18ED000289E52 /* Info.plist */,
			);
			path = DineNDashTests;
			sourceTree = "<group>";
		};
		4E142E731CD18ED000289E52 /* DineNDashUITests */ = {
			isa = PBXGroup;
			children = (
				4E142E741CD18ED000289E52 /* DineNDashUITests.swift */,
				4E142E761CD18ED000289E52 /* Info.plist */,
			);
			path = DineNDashUITests;
			sourceTree = "<group>";
		};
/* End PBXGroup section */

/* Begin PBXNativeTarget section */
		4E142E4D1CD18ED000289E52 /* DineNDash */ = {
			isa = PBXNativeTarget;
			buildConfigurationList = 4E142E791CD18ED000289E52 /* Build configuration list for PBXNativeTarget "DineNDash" */;
			buildPhases = (
				4E142E4A1CD18ED000289E52 /* Sources */,
				4E142E4B1CD18ED000289E52 /* Frameworks */,
				4E142E4C1CD18ED000289E52 /* Resources */,
			);
			buildRules = (
			);
			dependencies = (
			);
			name = DineNDash;
			productName = DineNDash;
			productReference = 4E142E4E1CD18ED000289E52 /* DineNDash.app */;
			productType = "com.apple.product-type.application";
		};
		4E142E641CD18ED000289E52 /* DineNDashTests */ = {
			isa = PBXNativeTarget;
			buildConfigurationList = 4E142E7C1CD18ED000289E52 /* Build configuration list for PBXNativeTarget "DineNDashTests" */;
			buildPhases = (
				4E142E611CD18ED000289E52 /* Sources */,
				4E142E621CD18ED000289E52 /* Frameworks */,
				4E142E631CD18ED000289E52 /* Resources */,
			);
			buildRules = (
			);
			dependencies = (
				4E142E671CD18ED000289E52 /* PBXTargetDependency */,
			);
			name = DineNDashTests;
			productName = DineNDashTests;
			productReference = 4E142E651CD18ED000289E52 /* DineNDashTests.xctest */;
			productType = "com.apple.product-type.bundle.unit-test";
		};
		4E142E6F1CD18ED000289E52 /* DineNDashUITests */ = {
			isa = PBXNativeTarget;
			buildConfigurationList = 4E142E7F1CD18ED000289E52 /* Build configuration list for PBXNativeTarget "DineNDashUITests" */;
			buildPhases = (
				4E142E6C1CD18ED000289E52 /* Sources */,
				4E142E6D1CD18ED000289E52 /* Frameworks */,
				4E142E6E1CD18ED000289E52 /* Resources */,
			);
			buildRules = (
			);
			dependencies = (
				4E142E721CD18ED000289E52 /* PBXTargetDependency */,
			);
			name = DineNDashUITests;
			productName = DineNDashUITests;
			productReference = 4E142E701CD18ED000289E52 /* DineNDashUITests.xctest */;
			productType = "com.apple.product-type.bundle.ui-testing";
		};
/* End PBXNativeTarget section */

/* Begin PBXProject section */
		4E142E461CD18ED000289E52 /* Project object */ = {
			isa = PBXProject;
			attributes = {
				LastSwiftUpdateCheck = 0730;
				LastUpgradeCheck = 0730;
				ORGANIZATIONNAME = DineNDash;
				TargetAttributes = {
					4E142E4D1CD18ED000289E52 = {
						CreatedOnToolsVersion = 7.3;
						DevelopmentTeam = Q694Z8489Z;
					};
					4E142E641CD18ED000289E52 = {
						CreatedOnToolsVersion = 7.3;
						DevelopmentTeam = Q694Z8489Z;
						TestTargetID = 4E142E4D1CD18ED000289E52;
					};
					4E142E6F1CD18ED000289E52 = {
						CreatedOnToolsVersion = 7.3;
						DevelopmentTeam = Q694Z8489Z;
						TestTargetID = 4E142E4D1CD18ED000289E52;
					};
				};
			};
			buildConfigurationList = 4E142E491CD18ED000289E52 /* Build configuration list for PBXProject "DineNDash" */;
			compatibilityVersion = "Xcode 3.2";
			developmentRegion = English;
			hasScannedForEncodings = 0;
			knownRegions = (
				en,
				Base,
			);
			mainGroup = 4E142E451CD18ED000289E52;
			productRefGroup = 4E142E4F1CD18ED000289E52 /* Products */;
			projectDirPath = "";
			projectRoot = "";
			targets = (
				4E142E4D1CD18ED000289E52 /* DineNDash */,
				4E142E641CD18ED000289E52 /* DineNDashTests */,
				4E142E6F1CD18ED000289E52 /* DineNDashUITests */,
			);
		};
/* End PBXProject section */

/* Begin PBXResourcesBuildPhase section */
		4E142E4C1CD18ED000289E52 /* Resources */ = {
			isa = PBXResourcesBuildPhase;
			buildActionMask = 2147483647;
			files = (
				4E142E5F1CD18ED000289E52 /* LaunchScreen.storyboard in Resources */,
				4E142E5C1CD18ED000289E52 /* Assets.xcassets in Resources */,
			);
			runOnlyForDeploymentPostprocessing = 0;
		};
		4E142E631CD18ED000289E52 /* Resources */ = {
			isa = PBXResourcesBuildPhase;
			buildActionMask = 2147483647;
			files = (
			);
			runOnlyForDeploymentPostprocessing = 0;
		};
		4E142E6E1CD18ED000289E52 /* Resources */ = {
			isa = PBXResourcesBuildPhase;
			buildActionMask = 2147483647;
			files = (
			);
			runOnlyForDeploymentPostprocessing = 0;
		};
/* End PBXResourcesBuildPhase section */

/* Begin PBXSourcesBuildPhase section */
		4E142E4A1CD18ED000289E52 /* Sources */ = {
			isa = PBXSourcesBuildPhase;
			buildActionMask = 2147483647;
			files = (
				4E142E541CD18ED000289E52 /* ViewController.swift in Sources */,
				4E142E5A1CD18ED000289E52 /* DineNDash.xcdatamodeld in Sources */,
				4E142E521CD18ED000289E52 /* AppDelegate.swift in Sources */,
			);
			runOnlyForDeploymentPostprocessing = 0;
		};
		4E142E611CD18ED000289E52 /* Sources */ = {
			isa = PBXSourcesBuildPhase;
			buildActionMask = 2147483647;
			files = (
				4E142E6A1CD18ED000289E52 /* DineNDashTests.swift in Sources */,
			);
			runOnlyForDeploymentPostprocessing = 0;
		};
		4E142E6C1CD18ED000289E52 /* Sources */ = {
			isa = PBXSourcesBuildPhase;
			buildActionMask = 2147483647;
			files = (
				4E142E751CD18ED000289E52 /* DineNDashUITests.swift in Sources */,
			);
			runOnlyForDeploymentPostprocessing = 0;
		};
/* End PBXSourcesBuildPhase section */

/* Begin PBXTargetDependency section */
		4E142E671CD18ED000289E52 /* PBXTargetDependency */ = {
			isa = PBXTargetDependency;
			target = 4E142E4D1CD18ED000289E52 /* DineNDash */;
			targetProxy = 4E142E661CD18ED000289E52 /* PBXContainerItemProxy */;
		};
		4E142E721CD18ED000289E52 /* PBXTargetDependency */ = {
			isa = PBXTargetDependency;
			target = 4E142E4D1CD18ED000289E52 /* DineNDash */;
			targetProxy = 4E142E711CD18ED000289E52 /* PBXContainerItemProxy */;
		};
/* End PBXTargetDependency section */

/* Begin PBXVariantGroup section */
		4E142E5D1CD18ED000289E52 /* LaunchScreen.storyboard */ = {
			isa = PBXVariantGroup;
			children = (
				4E142E5E1CD18ED000289E52 /* Base */,
			);
			name = LaunchScreen.storyboard;
			sourceTree = "<group>";
		};
/* End PBXVariantGroup section */

/* Begin XCBuildConfiguration section */
		4E142E771CD18ED000289E52 /* Debug */ = {
			isa = XCBuildConfiguration;
			buildSettings = {
				ALWAYS_SEARCH_USER_PATHS = NO;
				CLANG_ANALYZER_NONNULL = YES;
				CLANG_CXX_LANGUAGE_STANDARD = "gnu++0x";
				CLANG_CXX_LIBRARY = "libc++";
				CLANG_ENABLE_MODULES = YES;
				CLANG_ENABLE_OBJC_ARC = YES;
				CLANG_WARN_BOOL_CONVERSION = YES;
				CLANG_WARN_CONSTANT_CONVERSION = YES;
				CLANG_WARN_DIRECT_OBJC_ISA_USAGE = YES_ERROR;
				CLANG_WARN_EMPTY_BODY = YES;
				CLANG_WARN_ENUM_CONVERSION = YES;
				CLANG_WARN_INT_CONVERSION = YES;
				CLANG_WARN_OBJC_ROOT_CLASS = YES_ERROR;
				CLANG_WARN_UNREACHABLE_CODE = YES;
				CLANG_WARN__DUPLICATE_METHOD_MATCH = YES;
				"CODE_SIGN_IDENTITY[sdk=iphoneos*]" = "iPhone Developer";
				COPY_PHASE_STRIP = NO;
				DEBUG_INFORMATION_FORMAT = dwarf;
				ENABLE_STRICT_OBJC_MSGSEND = YES;
				ENABLE_TESTABILITY = YES;
				GCC_C_LANGUAGE_STANDARD = gnu99;
				GCC_DYNAMIC_NO_PIC = NO;
				GCC_NO_COMMON_BLOCKS = YES;
				GCC_OPTIMIZATION_LEVEL = 0;
				GCC_PREPROCESSOR_DEFINITIONS = (
					"DEBUG=1",
					"$(inherited)",
				);
				GCC_WARN_64_TO_32_BIT_CONVERSION = YES;
				GCC_WARN_ABOUT_RETURN_TYPE = YES_ERROR;
				GCC_WARN_UNDECLARED_SELECTOR = YES;
				GCC_WARN_UNINITIALIZED_AUTOS = YES_AGGRESSIVE;
				GCC_WARN_UNUSED_FUNCTION = YES;
				GCC_WARN_UNUSED_VARIABLE = YES;
				IPHONEOS_DEPLOYMENT_TARGET = 9.3;
				MTL_ENABLE_DEBUG_INFO = YES;
				ONLY_ACTIVE_ARCH = YES;
				SDKROOT = iphoneos;
				SWIFT_OPTIMIZATION_LEVEL = "-Onone";
			};
			name = Debug;
		};
		4E142E781CD18ED000289E52 /* Release */ = {
			isa = XCBuildConfiguration;
			buildSettings = {
				ALWAYS_SEARCH_USER_PATHS = NO;
				CLANG_ANALYZER_NONNULL = YES;
				CLANG_CXX_LANGUAGE_STANDARD = "gnu++0x";
				CLANG_CXX_LIBRARY = "libc++";
				CLANG_ENABLE_MODULES = YES;
				CLANG_ENABLE_OBJC_ARC = YES;
				CLANG_WARN_BOOL_CONVERSION = YES;
				CLANG_WARN_CONSTANT_CONVERSION = YES;
				CLANG_WARN_DIRECT_OBJC_ISA_USAGE = YES_ERROR;
				CLANG_WARN_EMPTY_BODY = YES;
				CLANG_WARN_ENUM_CONVERSION = YES;
				CLANG_WARN_INT_CONVERSION = YES;
				CLANG_WARN_OBJC_ROOT_CLASS = YES_ERROR;
				CLANG_WARN_UNREACHABLE_CODE = YES;
				CLANG_WARN__DUPLICATE_METHOD_MATCH = YES;
				"CODE_SIGN_IDENTITY[sdk=iphoneos*]" = "iPhone Developer";
				COPY_PHASE_STRIP = NO;
				DEBUG_INFORMATION_FORMAT = "dwarf-with-dsym";
				ENABLE_NS_ASSERTIONS = NO;
				ENABLE_STRICT_OBJC_MSGSEND = YES;
				GCC_C_LANGUAGE_STANDARD = gnu99;
				GCC_NO_COMMON_BLOCKS = YES;
				GCC_WARN_64_TO_32_BIT_CONVERSION = YES;
				GCC_WARN_ABOUT_RETURN_TYPE = YES_ERROR;
				GCC_WARN_UNDECLARED_SELECTOR = YES;
				GCC_WARN_UNINITIALIZED_AUTOS = YES_AGGRESSIVE;
				GCC_WARN_UNUSED_FUNCTION = YES;
				GCC_WARN_UNUSED_VARIABLE = YES;
				IPHONEOS_DEPLOYMENT_TARGET = 9.3;
				MTL_ENABLE_DEBUG_INFO = NO;
				SDKROOT = iphoneos;
				VALIDATE_PRODUCT = YES;
			};
			name = Release;
		};
		4E142E7A1CD18ED000289E52 /* Debug */ = {
			isa = XCBuildConfiguration;
			buildSettings = {
				ASSETCATALOG_COMPILER_APPICON_NAME = AppIcon;
				FRAMEWORK_SEARCH_PATHS = (
					"$(inherited)",
					"$(PROJECT_DIR)/DineNDash",
				);
				INFOPLIST_FILE = DineNDash/Info.plist;
				LD_RUNPATH_SEARCH_PATHS = "$(inherited) @executable_path/Frameworks";
				PRODUCT_BUNDLE_IDENTIFIER = DnD.DineNDash;
				PRODUCT_NAME = "$(TARGET_NAME)";
				SWIFT_OBJC_BRIDGING_HEADER = "Bridging-Header.h";
			};
			name = Debug;
		};
		4E142E7B1CD18ED000289E52 /* Release */ = {
			isa = XCBuildConfiguration;
			buildSettings = {
				ASSETCATALOG_COMPILER_APPICON_NAME = AppIcon;
				FRAMEWORK_SEARCH_PATHS = (
					"$(inherited)",
					"$(PROJECT_DIR)/DineNDash",
				);
				INFOPLIST_FILE = DineNDash/Info.plist;
				LD_RUNPATH_SEARCH_PATHS = "$(inherited) @executable_path/Frameworks";
				PRODUCT_BUNDLE_IDENTIFIER = DnD.DineNDash;
				PRODUCT_NAME = "$(TARGET_NAME)";
				SWIFT_OBJC_BRIDGING_HEADER = "Bridging-Header.h";
			};
			name = Release;
		};
		4E142E7D1CD18ED000289E52 /* Debug */ = {
			isa = XCBuildConfiguration;
			buildSettings = {
				BUNDLE_LOADER = "$(TEST_HOST)";
				INFOPLIST_FILE = DineNDashTests/Info.plist;
				LD_RUNPATH_SEARCH_PATHS = "$(inherited) @executable_path/Frameworks @loader_path/Frameworks";
				PRODUCT_BUNDLE_IDENTIFIER = DnD.DineNDashTests;
				PRODUCT_NAME = "$(TARGET_NAME)";
				TEST_HOST = "$(BUILT_PRODUCTS_DIR)/DineNDash.app/DineNDash";
			};
			name = Debug;
		};
		4E142E7E1CD18ED000289E52 /* Release */ = {
			isa = XCBuildConfiguration;
			buildSettings = {
				BUNDLE_LOADER = "$(TEST_HOST)";
				INFOPLIST_FILE = DineNDashTests/Info.plist;
				LD_RUNPATH_SEARCH_PATHS = "$(inherited) @executable_path/Frameworks @loader_path/Frameworks";
				PRODUCT_BUNDLE_IDENTIFIER = DnD.DineNDashTests;
				PRODUCT_NAME = "$(TARGET_NAME)";
				TEST_HOST = "$(BUILT_PRODUCTS_DIR)/DineNDash.app/DineNDash";
			};
			name = Release;
		};
		4E142E801CD18ED000289E52 /* Debug */ = {
			isa = XCBuildConfiguration;
			buildSettings = {
				INFOPLIST_FILE = DineNDashUITests/Info.plist;
				LD_RUNPATH_SEARCH_PATHS = "$(inherited) @executable_path/Frameworks @loader_path/Frameworks";
				PRODUCT_BUNDLE_IDENTIFIER = DnD.DineNDashUITests;
				PRODUCT_NAME = "$(TARGET_NAME)";
				TEST_TARGET_NAME = DineNDash;
			};
			name = Debug;
		};
		4E142E811CD18ED000289E52 /* Release */ = {
			isa = XCBuildConfiguration;
			buildSettings = {
				INFOPLIST_FILE = DineNDashUITests/Info.plist;
				LD_RUNPATH_SEARCH_PATHS = "$(inherited) @executable_path/Frameworks @loader_path/Frameworks";
				PRODUCT_BUNDLE_IDENTIFIER = DnD.DineNDashUITests;
				PRODUCT_NAME = "$(TARGET_NAME)";
				TEST_TARGET_NAME = DineNDash;
			};
			name = Release;
		};
/* End XCBuildConfiguration section */

/* Begin XCConfigurationList section */
		4E142E491CD18ED000289E52 /* Build configuration list for PBXProject "DineNDash" */ = {
			isa = XCConfigurationList;
			buildConfigurations = (
				4E142E771CD18ED000289E52 /* Debug */,
				4E142E781CD18ED000289E52 /* Release */,
			);
			defaultConfigurationIsVisible = 0;
			defaultConfigurationName = Release;
		};
		4E142E791CD18ED000289E52 /* Build configuration list for PBXNativeTarget "DineNDash" */ = {
			isa = XCConfigurationList;
			buildConfigurations = (
				4E142E7A1CD18ED000289E52 /* Debug */,
				4E142E7B1CD18ED000289E52 /* Release */,
			);
			defaultConfigurationIsVisible = 0;
			defaultConfigurationName = Release;
		};
		4E142E7C1CD18ED000289E52 /* Build configuration list for PBXNativeTarget "DineNDashTests" */ = {
			isa = XCConfigurationList;
			buildConfigurations = (
				4E142E7D1CD18ED000289E52 /* Debug */,
				4E142E7E1CD18ED000289E52 /* Release */,
			);
			defaultConfigurationIsVisible = 0;
			defaultConfigurationName = Release;
		};
		4E142E7F1CD18ED000289E52 /* Build configuration list for PBXNativeTarget "DineNDashUITests" */ = {
			isa = XCConfigurationList;
			buildConfigurations = (
				4E142E801CD18ED000289E52 /* Debug */,
				4E142E811CD18ED000289E52 /* Release */,
			);
			defaultConfigurationIsVisible = 0;
			defaultConfigurationName = Release;
		};
/* End XCConfigurationList section */

/* Begin XCVersionGroup section */
		4E142E581CD18ED000289E52 /* DineNDash.xcdatamodeld */ = {
			isa = XCVersionGroup;
			children = (
				4E142E591CD18ED000289E52 /* DineNDash.xcdatamodel */,
			);
			currentVersion = 4E142E591CD18ED000289E52 /* DineNDash.xcdatamodel */;
			path = DineNDash.xcdatamodeld;
			sourceTree = "<group>";
			versionGroupType = wrapper.xcdatamodel;
		};
/* End XCVersionGroup section */
	};
	rootObject = 4E142E461CD18ED000289E52 /* Project object */;
}
